// !$*UTF8*$!
{
	archiveVersion = 1;
	classes = {
	};
	objectVersion = 56;
	objects = {

/* Begin PBXBuildFile section */
		BA3C4BDE2AC0C3C5002B7FD4 /* SenseyeFeatureFlagSwiftUIApp.swift in Sources */ = {isa = PBXBuildFile; fileRef = BA3C4BDD2AC0C3C5002B7FD4 /* SenseyeFeatureFlagSwiftUIApp.swift */; };
		BA3C4BE02AC0C3C5002B7FD4 /* ContentView.swift in Sources */ = {isa = PBXBuildFile; fileRef = BA3C4BDF2AC0C3C5002B7FD4 /* ContentView.swift */; };
		BA3C4BE22AC0C3C6002B7FD4 /* Assets.xcassets in Resources */ = {isa = PBXBuildFile; fileRef = BA3C4BE12AC0C3C6002B7FD4 /* Assets.xcassets */; };
		BA3C4BE52AC0C3C6002B7FD4 /* Preview Assets.xcassets in Resources */ = {isa = PBXBuildFile; fileRef = BA3C4BE42AC0C3C6002B7FD4 /* Preview Assets.xcassets */; };
		BA3C4BEF2AC0C3C6002B7FD4 /* SenseyeFeatureFlagSwiftUITests.swift in Sources */ = {isa = PBXBuildFile; fileRef = BA3C4BEE2AC0C3C6002B7FD4 /* SenseyeFeatureFlagSwiftUITests.swift */; };
		BA3C4BF92AC0C3C6002B7FD4 /* SenseyeFeatureFlagSwiftUIUITests.swift in Sources */ = {isa = PBXBuildFile; fileRef = BA3C4BF82AC0C3C6002B7FD4 /* SenseyeFeatureFlagSwiftUIUITests.swift */; };
		BA3C4BFB2AC0C3C6002B7FD4 /* SenseyeFeatureFlagSwiftUIUITestsLaunchTests.swift in Sources */ = {isa = PBXBuildFile; fileRef = BA3C4BFA2AC0C3C6002B7FD4 /* SenseyeFeatureFlagSwiftUIUITestsLaunchTests.swift */; };
		BA3C4C0E2AC0C549002B7FD4 /* NamesModel.swift in Sources */ = {isa = PBXBuildFile; fileRef = BA3C4C082AC0C549002B7FD4 /* NamesModel.swift */; };
		BA3C4C0F2AC0C549002B7FD4 /* HomeControllerViewModel.swift in Sources */ = {isa = PBXBuildFile; fileRef = BA3C4C092AC0C549002B7FD4 /* HomeControllerViewModel.swift */; };
		BA3C4C112AC0C549002B7FD4 /* GlobalConstants.swift in Sources */ = {isa = PBXBuildFile; fileRef = BA3C4C0B2AC0C549002B7FD4 /* GlobalConstants.swift */; };
		BA3C4C122AC0C549002B7FD4 /* Feature.swift in Sources */ = {isa = PBXBuildFile; fileRef = BA3C4C0C2AC0C549002B7FD4 /* Feature.swift */; };
/* End PBXBuildFile section */

/* Begin PBXContainerItemProxy section */
		BA3C4BEB2AC0C3C6002B7FD4 /* PBXContainerItemProxy */ = {
			isa = PBXContainerItemProxy;
			containerPortal = BA3C4BD22AC0C3C4002B7FD4 /* Project object */;
			proxyType = 1;
			remoteGlobalIDString = BA3C4BD92AC0C3C5002B7FD4;
			remoteInfo = SenseyeFeatureFlagSwiftUI;
		};
		BA3C4BF52AC0C3C6002B7FD4 /* PBXContainerItemProxy */ = {
			isa = PBXContainerItemProxy;
			containerPortal = BA3C4BD22AC0C3C4002B7FD4 /* Project object */;
			proxyType = 1;
			remoteGlobalIDString = BA3C4BD92AC0C3C5002B7FD4;
			remoteInfo = SenseyeFeatureFlagSwiftUI;
		};
/* End PBXContainerItemProxy section */

/* Begin PBXFileReference section */
		BA3C4BDA2AC0C3C5002B7FD4 /* SenseyeFeatureFlagSwiftUI.app */ = {isa = PBXFileReference; explicitFileType = wrapper.application; includeInIndex = 0; path = SenseyeFeatureFlagSwiftUI.app; sourceTree = BUILT_PRODUCTS_DIR; };
		BA3C4BDD2AC0C3C5002B7FD4 /* SenseyeFeatureFlagSwiftUIApp.swift */ = {isa = PBXFileReference; lastKnownFileType = sourcecode.swift; path = SenseyeFeatureFlagSwiftUIApp.swift; sourceTree = "<group>"; };
		BA3C4BDF2AC0C3C5002B7FD4 /* ContentView.swift */ = {isa = PBXFileReference; lastKnownFileType = sourcecode.swift; path = ContentView.swift; sourceTree = "<group>"; };
		BA3C4BE12AC0C3C6002B7FD4 /* Assets.xcassets */ = {isa = PBXFileReference; lastKnownFileType = folder.assetcatalog; path = Assets.xcassets; sourceTree = "<group>"; };
		BA3C4BE42AC0C3C6002B7FD4 /* Preview Assets.xcassets */ = {isa = PBXFileReference; lastKnownFileType = folder.assetcatalog; path = "Preview Assets.xcassets"; sourceTree = "<group>"; };
		BA3C4BEA2AC0C3C6002B7FD4 /* SenseyeFeatureFlagSwiftUITests.xctest */ = {isa = PBXFileReference; explicitFileType = wrapper.cfbundle; includeInIndex = 0; path = SenseyeFeatureFlagSwiftUITests.xctest; sourceTree = BUILT_PRODUCTS_DIR; };
		BA3C4BEE2AC0C3C6002B7FD4 /* SenseyeFeatureFlagSwiftUITests.swift */ = {isa = PBXFileReference; lastKnownFileType = sourcecode.swift; path = SenseyeFeatureFlagSwiftUITests.swift; sourceTree = "<group>"; };
		BA3C4BF42AC0C3C6002B7FD4 /* SenseyeFeatureFlagSwiftUIUITests.xctest */ = {isa = PBXFileReference; explicitFileType = wrapper.cfbundle; includeInIndex = 0; path = SenseyeFeatureFlagSwiftUIUITests.xctest; sourceTree = BUILT_PRODUCTS_DIR; };
		BA3C4BF82AC0C3C6002B7FD4 /* SenseyeFeatureFlagSwiftUIUITests.swift */ = {isa = PBXFileReference; lastKnownFileType = sourcecode.swift; path = SenseyeFeatureFlagSwiftUIUITests.swift; sourceTree = "<group>"; };
		BA3C4BFA2AC0C3C6002B7FD4 /* SenseyeFeatureFlagSwiftUIUITestsLaunchTests.swift */ = {isa = PBXFileReference; lastKnownFileType = sourcecode.swift; path = SenseyeFeatureFlagSwiftUIUITestsLaunchTests.swift; sourceTree = "<group>"; };
		BA3C4C082AC0C549002B7FD4 /* NamesModel.swift */ = {isa = PBXFileReference; fileEncoding = 4; lastKnownFileType = sourcecode.swift; path = NamesModel.swift; sourceTree = "<group>"; };
		BA3C4C092AC0C549002B7FD4 /* HomeControllerViewModel.swift */ = {isa = PBXFileReference; fileEncoding = 4; lastKnownFileType = sourcecode.swift; path = HomeControllerViewModel.swift; sourceTree = "<group>"; };
		BA3C4C0B2AC0C549002B7FD4 /* GlobalConstants.swift */ = {isa = PBXFileReference; fileEncoding = 4; lastKnownFileType = sourcecode.swift; path = GlobalConstants.swift; sourceTree = "<group>"; };
		BA3C4C0C2AC0C549002B7FD4 /* Feature.swift */ = {isa = PBXFileReference; fileEncoding = 4; lastKnownFileType = sourcecode.swift; path = Feature.swift; sourceTree = "<group>"; };
/* End PBXFileReference section */

/* Begin PBXFrameworksBuildPhase section */
		BA3C4BD72AC0C3C5002B7FD4 /* Frameworks */ = {
			isa = PBXFrameworksBuildPhase;
			buildActionMask = 2147483647;
			files = (
			);
			runOnlyForDeploymentPostprocessing = 0;
		};
		BA3C4BE72AC0C3C6002B7FD4 /* Frameworks */ = {
			isa = PBXFrameworksBuildPhase;
			buildActionMask = 2147483647;
			files = (
			);
			runOnlyForDeploymentPostprocessing = 0;
		};
		BA3C4BF12AC0C3C6002B7FD4 /* Frameworks */ = {
			isa = PBXFrameworksBuildPhase;
			buildActionMask = 2147483647;
			files = (
			);
			runOnlyForDeploymentPostprocessing = 0;
		};
/* End PBXFrameworksBuildPhase section */

/* Begin PBXGroup section */
		BA3C4BD12AC0C3C4002B7FD4 = {
			isa = PBXGroup;
			children = (
				BA3C4BDC2AC0C3C5002B7FD4 /* SenseyeFeatureFlagSwiftUI */,
				BA3C4BED2AC0C3C6002B7FD4 /* SenseyeFeatureFlagSwiftUITests */,
				BA3C4BF72AC0C3C6002B7FD4 /* SenseyeFeatureFlagSwiftUIUITests */,
				BA3C4BDB2AC0C3C5002B7FD4 /* Products */,
			);
			sourceTree = "<group>";
		};
		BA3C4BDB2AC0C3C5002B7FD4 /* Products */ = {
			isa = PBXGroup;
			children = (
				BA3C4BDA2AC0C3C5002B7FD4 /* SenseyeFeatureFlagSwiftUI.app */,
				BA3C4BEA2AC0C3C6002B7FD4 /* SenseyeFeatureFlagSwiftUITests.xctest */,
				BA3C4BF42AC0C3C6002B7FD4 /* SenseyeFeatureFlagSwiftUIUITests.xctest */,
			);
			name = Products;
			sourceTree = "<group>";
		};
		BA3C4BDC2AC0C3C5002B7FD4 /* SenseyeFeatureFlagSwiftUI */ = {
			isa = PBXGroup;
			children = (
				BA3C4C142AC0C62B002B7FD4 /* HomeView */,
				BA3C4C182AC0C9A6002B7FD4 /* FeatureFlag */,
				BA3C4C132AC0C564002B7FD4 /* Utils */,
				BA3C4BDD2AC0C3C5002B7FD4 /* SenseyeFeatureFlagSwiftUIApp.swift */,
				BA3C4BE12AC0C3C6002B7FD4 /* Assets.xcassets */,
				BA3C4BE32AC0C3C6002B7FD4 /* Preview Content */,
			);
			path = SenseyeFeatureFlagSwiftUI;
			sourceTree = "<group>";
		};
		BA3C4BE32AC0C3C6002B7FD4 /* Preview Content */ = {
			isa = PBXGroup;
			children = (
				BA3C4BE42AC0C3C6002B7FD4 /* Preview Assets.xcassets */,
			);
			path = "Preview Content";
			sourceTree = "<group>";
		};
		BA3C4BED2AC0C3C6002B7FD4 /* SenseyeFeatureFlagSwiftUITests */ = {
			isa = PBXGroup;
			children = (
				BA3C4BEE2AC0C3C6002B7FD4 /* SenseyeFeatureFlagSwiftUITests.swift */,
			);
			path = SenseyeFeatureFlagSwiftUITests;
			sourceTree = "<group>";
		};
		BA3C4BF72AC0C3C6002B7FD4 /* SenseyeFeatureFlagSwiftUIUITests */ = {
			isa = PBXGroup;
			children = (
				BA3C4BF82AC0C3C6002B7FD4 /* SenseyeFeatureFlagSwiftUIUITests.swift */,
				BA3C4BFA2AC0C3C6002B7FD4 /* SenseyeFeatureFlagSwiftUIUITestsLaunchTests.swift */,
			);
			path = SenseyeFeatureFlagSwiftUIUITests;
			sourceTree = "<group>";
		};
		BA3C4C132AC0C564002B7FD4 /* Utils */ = {
			isa = PBXGroup;
			children = (
				BA3C4C0B2AC0C549002B7FD4 /* GlobalConstants.swift */,
			);
			path = Utils;
			sourceTree = "<group>";
		};
		BA3C4C142AC0C62B002B7FD4 /* HomeView */ = {
			isa = PBXGroup;
			children = (
				BA3C4C172AC0C66C002B7FD4 /* Model */,
				BA3C4C162AC0C646002B7FD4 /* ViewModel */,
				BA3C4C152AC0C63D002B7FD4 /* View */,
			);
			path = HomeView;
			sourceTree = "<group>";
		};
		BA3C4C152AC0C63D002B7FD4 /* View */ = {
			isa = PBXGroup;
			children = (
				BA3C4BDF2AC0C3C5002B7FD4 /* ContentView.swift */,
			);
			path = View;
			sourceTree = "<group>";
		};
		BA3C4C162AC0C646002B7FD4 /* ViewModel */ = {
			isa = PBXGroup;
			children = (
				BA3C4C092AC0C549002B7FD4 /* HomeControllerViewModel.swift */,
			);
			path = ViewModel;
			sourceTree = "<group>";
		};
		BA3C4C172AC0C66C002B7FD4 /* Model */ = {
			isa = PBXGroup;
			children = (
				BA3C4C082AC0C549002B7FD4 /* NamesModel.swift */,
			);
			path = Model;
			sourceTree = "<group>";
		};
		BA3C4C182AC0C9A6002B7FD4 /* FeatureFlag */ = {
			isa = PBXGroup;
			children = (
				BA3C4C0C2AC0C549002B7FD4 /* Feature.swift */,
			);
			path = FeatureFlag;
			sourceTree = "<group>";
		};
/* End PBXGroup section */

/* Begin PBXNativeTarget section */
		BA3C4BD92AC0C3C5002B7FD4 /* SenseyeFeatureFlagSwiftUI */ = {
			isa = PBXNativeTarget;
			buildConfigurationList = BA3C4BFE2AC0C3C6002B7FD4 /* Build configuration list for PBXNativeTarget "SenseyeFeatureFlagSwiftUI" */;
			buildPhases = (
				BA3C4BD62AC0C3C5002B7FD4 /* Sources */,
				BA3C4BD72AC0C3C5002B7FD4 /* Frameworks */,
				BA3C4BD82AC0C3C5002B7FD4 /* Resources */,
			);
			buildRules = (
			);
			dependencies = (
			);
			name = SenseyeFeatureFlagSwiftUI;
			productName = SenseyeFeatureFlagSwiftUI;
			productReference = BA3C4BDA2AC0C3C5002B7FD4 /* SenseyeFeatureFlagSwiftUI.app */;
			productType = "com.apple.product-type.application";
		};
		BA3C4BE92AC0C3C6002B7FD4 /* SenseyeFeatureFlagSwiftUITests */ = {
			isa = PBXNativeTarget;
			buildConfigurationList = BA3C4C012AC0C3C6002B7FD4 /* Build configuration list for PBXNativeTarget "SenseyeFeatureFlagSwiftUITests" */;
			buildPhases = (
				BA3C4BE62AC0C3C6002B7FD4 /* Sources */,
				BA3C4BE72AC0C3C6002B7FD4 /* Frameworks */,
				BA3C4BE82AC0C3C6002B7FD4 /* Resources */,
			);
			buildRules = (
			);
			dependencies = (
				BA3C4BEC2AC0C3C6002B7FD4 /* PBXTargetDependency */,
			);
			name = SenseyeFeatureFlagSwiftUITests;
			productName = SenseyeFeatureFlagSwiftUITests;
			productReference = BA3C4BEA2AC0C3C6002B7FD4 /* SenseyeFeatureFlagSwiftUITests.xctest */;
			productType = "com.apple.product-type.bundle.unit-test";
		};
		BA3C4BF32AC0C3C6002B7FD4 /* SenseyeFeatureFlagSwiftUIUITests */ = {
			isa = PBXNativeTarget;
			buildConfigurationList = BA3C4C042AC0C3C6002B7FD4 /* Build configuration list for PBXNativeTarget "SenseyeFeatureFlagSwiftUIUITests" */;
			buildPhases = (
				BA3C4BF02AC0C3C6002B7FD4 /* Sources */,
				BA3C4BF12AC0C3C6002B7FD4 /* Frameworks */,
				BA3C4BF22AC0C3C6002B7FD4 /* Resources */,
			);
			buildRules = (
			);
			dependencies = (
				BA3C4BF62AC0C3C6002B7FD4 /* PBXTargetDependency */,
			);
			name = SenseyeFeatureFlagSwiftUIUITests;
			productName = SenseyeFeatureFlagSwiftUIUITests;
			productReference = BA3C4BF42AC0C3C6002B7FD4 /* SenseyeFeatureFlagSwiftUIUITests.xctest */;
			productType = "com.apple.product-type.bundle.ui-testing";
		};
/* End PBXNativeTarget section */

/* Begin PBXProject section */
		BA3C4BD22AC0C3C4002B7FD4 /* Project object */ = {
			isa = PBXProject;
			attributes = {
				BuildIndependentTargetsInParallel = 1;
				LastSwiftUpdateCheck = 1430;
				LastUpgradeCheck = 1430;
				TargetAttributes = {
					BA3C4BD92AC0C3C5002B7FD4 = {
						CreatedOnToolsVersion = 14.3.1;
					};
					BA3C4BE92AC0C3C6002B7FD4 = {
						CreatedOnToolsVersion = 14.3.1;
						TestTargetID = BA3C4BD92AC0C3C5002B7FD4;
					};
					BA3C4BF32AC0C3C6002B7FD4 = {
						CreatedOnToolsVersion = 14.3.1;
						TestTargetID = BA3C4BD92AC0C3C5002B7FD4;
					};
				};
			};
			buildConfigurationList = BA3C4BD52AC0C3C4002B7FD4 /* Build configuration list for PBXProject "SenseyeFeatureFlagSwiftUI" */;
			compatibilityVersion = "Xcode 14.0";
			developmentRegion = en;
			hasScannedForEncodings = 0;
			knownRegions = (
				en,
				Base,
			);
			mainGroup = BA3C4BD12AC0C3C4002B7FD4;
			productRefGroup = BA3C4BDB2AC0C3C5002B7FD4 /* Products */;
			projectDirPath = "";
			projectRoot = "";
			targets = (
				BA3C4BD92AC0C3C5002B7FD4 /* SenseyeFeatureFlagSwiftUI */,
				BA3C4BE92AC0C3C6002B7FD4 /* SenseyeFeatureFlagSwiftUITests */,
				BA3C4BF32AC0C3C6002B7FD4 /* SenseyeFeatureFlagSwiftUIUITests */,
			);
		};
/* End PBXProject section */

/* Begin PBXResourcesBuildPhase section */
		BA3C4BD82AC0C3C5002B7FD4 /* Resources */ = {
			isa = PBXResourcesBuildPhase;
			buildActionMask = 2147483647;
			files = (
				BA3C4BE52AC0C3C6002B7FD4 /* Preview Assets.xcassets in Resources */,
				BA3C4BE22AC0C3C6002B7FD4 /* Assets.xcassets in Resources */,
			);
			runOnlyForDeploymentPostprocessing = 0;
		};
		BA3C4BE82AC0C3C6002B7FD4 /* Resources */ = {
			isa = PBXResourcesBuildPhase;
			buildActionMask = 2147483647;
			files = (
			);
			runOnlyForDeploymentPostprocessing = 0;
		};
		BA3C4BF22AC0C3C6002B7FD4 /* Resources */ = {
			isa = PBXResourcesBuildPhase;
			buildActionMask = 2147483647;
			files = (
			);
			runOnlyForDeploymentPostprocessing = 0;
		};
/* End PBXResourcesBuildPhase section */

/* Begin PBXSourcesBuildPhase section */
		BA3C4BD62AC0C3C5002B7FD4 /* Sources */ = {
			isa = PBXSourcesBuildPhase;
			buildActionMask = 2147483647;
			files = (
				BA3C4C0E2AC0C549002B7FD4 /* NamesModel.swift in Sources */,
				BA3C4BE02AC0C3C5002B7FD4 /* ContentView.swift in Sources */,
				BA3C4C122AC0C549002B7FD4 /* Feature.swift in Sources */,
				BA3C4C112AC0C549002B7FD4 /* GlobalConstants.swift in Sources */,
				BA3C4BDE2AC0C3C5002B7FD4 /* SenseyeFeatureFlagSwiftUIApp.swift in Sources */,
				BA3C4C0F2AC0C549002B7FD4 /* HomeControllerViewModel.swift in Sources */,
			);
			runOnlyForDeploymentPostprocessing = 0;
		};
		BA3C4BE62AC0C3C6002B7FD4 /* Sources */ = {
			isa = PBXSourcesBuildPhase;
			buildActionMask = 2147483647;
			files = (
				BA3C4BEF2AC0C3C6002B7FD4 /* SenseyeFeatureFlagSwiftUITests.swift in Sources */,
			);
			runOnlyForDeploymentPostprocessing = 0;
		};
		BA3C4BF02AC0C3C6002B7FD4 /* Sources */ = {
			isa = PBXSourcesBuildPhase;
			buildActionMask = 2147483647;
			files = (
				BA3C4BFB2AC0C3C6002B7FD4 /* SenseyeFeatureFlagSwiftUIUITestsLaunchTests.swift in Sources */,
				BA3C4BF92AC0C3C6002B7FD4 /* SenseyeFeatureFlagSwiftUIUITests.swift in Sources */,
			);
			runOnlyForDeploymentPostprocessing = 0;
		};
/* End PBXSourcesBuildPhase section */

/* Begin PBXTargetDependency section */
		BA3C4BEC2AC0C3C6002B7FD4 /* PBXTargetDependency */ = {
			isa = PBXTargetDependency;
			target = BA3C4BD92AC0C3C5002B7FD4 /* SenseyeFeatureFlagSwiftUI */;
			targetProxy = BA3C4BEB2AC0C3C6002B7FD4 /* PBXContainerItemProxy */;
		};
		BA3C4BF62AC0C3C6002B7FD4 /* PBXTargetDependency */ = {
			isa = PBXTargetDependency;
			target = BA3C4BD92AC0C3C5002B7FD4 /* SenseyeFeatureFlagSwiftUI */;
			targetProxy = BA3C4BF52AC0C3C6002B7FD4 /* PBXContainerItemProxy */;
		};
/* End PBXTargetDependency section */

/* Begin XCBuildConfiguration section */
		BA3C4BFC2AC0C3C6002B7FD4 /* Debug */ = {
			isa = XCBuildConfiguration;
			buildSettings = {
				ALWAYS_SEARCH_USER_PATHS = NO;
				CLANG_ANALYZER_NONNULL = YES;
				CLANG_ANALYZER_NUMBER_OBJECT_CONVERSION = YES_AGGRESSIVE;
				CLANG_CXX_LANGUAGE_STANDARD = "gnu++20";
				CLANG_ENABLE_MODULES = YES;
				CLANG_ENABLE_OBJC_ARC = YES;
				CLANG_ENABLE_OBJC_WEAK = YES;
				CLANG_WARN_BLOCK_CAPTURE_AUTORELEASING = YES;
				CLANG_WARN_BOOL_CONVERSION = YES;
				CLANG_WARN_COMMA = YES;
				CLANG_WARN_CONSTANT_CONVERSION = YES;
				CLANG_WARN_DEPRECATED_OBJC_IMPLEMENTATIONS = YES;
				CLANG_WARN_DIRECT_OBJC_ISA_USAGE = YES_ERROR;
				CLANG_WARN_DOCUMENTATION_COMMENTS = YES;
				CLANG_WARN_EMPTY_BODY = YES;
				CLANG_WARN_ENUM_CONVERSION = YES;
				CLANG_WARN_INFINITE_RECURSION = YES;
				CLANG_WARN_INT_CONVERSION = YES;
				CLANG_WARN_NON_LITERAL_NULL_CONVERSION = YES;
				CLANG_WARN_OBJC_IMPLICIT_RETAIN_SELF = YES;
				CLANG_WARN_OBJC_LITERAL_CONVERSION = YES;
				CLANG_WARN_OBJC_ROOT_CLASS = YES_ERROR;
				CLANG_WARN_QUOTED_INCLUDE_IN_FRAMEWORK_HEADER = YES;
				CLANG_WARN_RANGE_LOOP_ANALYSIS = YES;
				CLANG_WARN_STRICT_PROTOTYPES = YES;
				CLANG_WARN_SUSPICIOUS_MOVE = YES;
				CLANG_WARN_UNGUARDED_AVAILABILITY = YES_AGGRESSIVE;
				CLANG_WARN_UNREACHABLE_CODE = YES;
				CLANG_WARN__DUPLICATE_METHOD_MATCH = YES;
				COPY_PHASE_STRIP = NO;
				DEBUG_INFORMATION_FORMAT = dwarf;
				ENABLE_STRICT_OBJC_MSGSEND = YES;
				ENABLE_TESTABILITY = YES;
				GCC_C_LANGUAGE_STANDARD = gnu11;
				GCC_DYNAMIC_NO_PIC = NO;
				GCC_NO_COMMON_BLOCKS = YES;
				GCC_OPTIMIZATION_LEVEL = 0;
				GCC_PREPROCESSOR_DEFINITIONS = (
					"DEBUG=1",
					"$(inherited)",
				);
				GCC_WARN_64_TO_32_BIT_CONVERSION = YES;
				GCC_WARN_ABOUT_RETURN_TYPE = YES_ERROR;
				GCC_WARN_UNDECLARED_SELECTOR = YES;
				GCC_WARN_UNINITIALIZED_AUTOS = YES_AGGRESSIVE;
				GCC_WARN_UNUSED_FUNCTION = YES;
				GCC_WARN_UNUSED_VARIABLE = YES;
				IPHONEOS_DEPLOYMENT_TARGET = 16.4;
				MTL_ENABLE_DEBUG_INFO = INCLUDE_SOURCE;
				MTL_FAST_MATH = YES;
				ONLY_ACTIVE_ARCH = YES;
				SDKROOT = iphoneos;
				SWIFT_ACTIVE_COMPILATION_CONDITIONS = DEBUG;
				SWIFT_OPTIMIZATION_LEVEL = "-Onone";
			};
			name = Debug;
		};
		BA3C4BFD2AC0C3C6002B7FD4 /* Release */ = {
			isa = XCBuildConfiguration;
			buildSettings = {
				ALWAYS_SEARCH_USER_PATHS = NO;
				CLANG_ANALYZER_NONNULL = YES;
				CLANG_ANALYZER_NUMBER_OBJECT_CONVERSION = YES_AGGRESSIVE;
				CLANG_CXX_LANGUAGE_STANDARD = "gnu++20";
				CLANG_ENABLE_MODULES = YES;
				CLANG_ENABLE_OBJC_ARC = YES;
				CLANG_ENABLE_OBJC_WEAK = YES;
				CLANG_WARN_BLOCK_CAPTURE_AUTORELEASING = YES;
				CLANG_WARN_BOOL_CONVERSION = YES;
				CLANG_WARN_COMMA = YES;
				CLANG_WARN_CONSTANT_CONVERSION = YES;
				CLANG_WARN_DEPRECATED_OBJC_IMPLEMENTATIONS = YES;
				CLANG_WARN_DIRECT_OBJC_ISA_USAGE = YES_ERROR;
				CLANG_WARN_DOCUMENTATION_COMMENTS = YES;
				CLANG_WARN_EMPTY_BODY = YES;
				CLANG_WARN_ENUM_CONVERSION = YES;
				CLANG_WARN_INFINITE_RECURSION = YES;
				CLANG_WARN_INT_CONVERSION = YES;
				CLANG_WARN_NON_LITERAL_NULL_CONVERSION = YES;
				CLANG_WARN_OBJC_IMPLICIT_RETAIN_SELF = YES;
				CLANG_WARN_OBJC_LITERAL_CONVERSION = YES;
				CLANG_WARN_OBJC_ROOT_CLASS = YES_ERROR;
				CLANG_WARN_QUOTED_INCLUDE_IN_FRAMEWORK_HEADER = YES;
				CLANG_WARN_RANGE_LOOP_ANALYSIS = YES;
				CLANG_WARN_STRICT_PROTOTYPES = YES;
				CLANG_WARN_SUSPICIOUS_MOVE = YES;
				CLANG_WARN_UNGUARDED_AVAILABILITY = YES_AGGRESSIVE;
				CLANG_WARN_UNREACHABLE_CODE = YES;
				CLANG_WARN__DUPLICATE_METHOD_MATCH = YES;
				COPY_PHASE_STRIP = NO;
				DEBUG_INFORMATION_FORMAT = "dwarf-with-dsym";
				ENABLE_NS_ASSERTIONS = NO;
				ENABLE_STRICT_OBJC_MSGSEND = YES;
				GCC_C_LANGUAGE_STANDARD = gnu11;
				GCC_NO_COMMON_BLOCKS = YES;
				GCC_WARN_64_TO_32_BIT_CONVERSION = YES;
				GCC_WARN_ABOUT_RETURN_TYPE = YES_ERROR;
				GCC_WARN_UNDECLARED_SELECTOR = YES;
				GCC_WARN_UNINITIALIZED_AUTOS = YES_AGGRESSIVE;
				GCC_WARN_UNUSED_FUNCTION = YES;
				GCC_WARN_UNUSED_VARIABLE = YES;
				IPHONEOS_DEPLOYMENT_TARGET = 16.4;
				MTL_ENABLE_DEBUG_INFO = NO;
				MTL_FAST_MATH = YES;
				SDKROOT = iphoneos;
				SWIFT_COMPILATION_MODE = wholemodule;
				SWIFT_OPTIMIZATION_LEVEL = "-O";
				VALIDATE_PRODUCT = YES;
			};
			name = Release;
		};
		BA3C4BFF2AC0C3C6002B7FD4 /* Debug */ = {
			isa = XCBuildConfiguration;
			buildSettings = {
				ASSETCATALOG_COMPILER_APPICON_NAME = AppIcon;
				ASSETCATALOG_COMPILER_GLOBAL_ACCENT_COLOR_NAME = AccentColor;
				CODE_SIGN_STYLE = Automatic;
				CURRENT_PROJECT_VERSION = 1;
				DEVELOPMENT_ASSET_PATHS = "\"SenseyeFeatureFlagSwiftUI/Preview Content\"";
				ENABLE_PREVIEWS = YES;
				GENERATE_INFOPLIST_FILE = YES;
				INFOPLIST_KEY_UIApplicationSceneManifest_Generation = YES;
				INFOPLIST_KEY_UIApplicationSupportsIndirectInputEvents = YES;
				INFOPLIST_KEY_UILaunchScreen_Generation = YES;
				INFOPLIST_KEY_UISupportedInterfaceOrientations_iPad = "UIInterfaceOrientationPortrait UIInterfaceOrientationPortraitUpsideDown UIInterfaceOrientationLandscapeLeft UIInterfaceOrientationLandscapeRight";
				INFOPLIST_KEY_UISupportedInterfaceOrientations_iPhone = "UIInterfaceOrientationPortrait UIInterfaceOrientationLandscapeLeft UIInterfaceOrientationLandscapeRight";
				LD_RUNPATH_SEARCH_PATHS = (
					"$(inherited)",
					"@executable_path/Frameworks",
				);
				MARKETING_VERSION = 1.0;
				PRODUCT_BUNDLE_IDENTIFIER = com.assignment.SenseyeFeatureFlag.SenseyeFeatureFlagSwiftUI;
				PRODUCT_NAME = "$(TARGET_NAME)";
				SWIFT_EMIT_LOC_STRINGS = YES;
				SWIFT_VERSION = 5.0;
				TARGETED_DEVICE_FAMILY = "1,2";
			};
			name = Debug;
		};
		BA3C4C002AC0C3C6002B7FD4 /* Release */ = {
			isa = XCBuildConfiguration;
			buildSettings = {
				ASSETCATALOG_COMPILER_APPICON_NAME = AppIcon;
				ASSETCATALOG_COMPILER_GLOBAL_ACCENT_COLOR_NAME = AccentColor;
				CODE_SIGN_STYLE = Automatic;
				CURRENT_PROJECT_VERSION = 1;
				DEVELOPMENT_ASSET_PATHS = "\"SenseyeFeatureFlagSwiftUI/Preview Content\"";
				ENABLE_PREVIEWS = YES;
				GENERATE_INFOPLIST_FILE = YES;
				INFOPLIST_KEY_UIApplicationSceneManifest_Generation = YES;
				INFOPLIST_KEY_UIApplicationSupportsIndirectInputEvents = YES;
				INFOPLIST_KEY_UILaunchScreen_Generation = YES;
				INFOPLIST_KEY_UISupportedInterfaceOrientations_iPad = "UIInterfaceOrientationPortrait UIInterfaceOrientationPortraitUpsideDown UIInterfaceOrientationLandscapeLeft UIInterfaceOrientationLandscapeRight";
				INFOPLIST_KEY_UISupportedInterfaceOrientations_iPhone = "UIInterfaceOrientationPortrait UIInterfaceOrientationLandscapeLeft UIInterfaceOrientationLandscapeRight";
				LD_RUNPATH_SEARCH_PATHS = (
					"$(inherited)",
					"@executable_path/Frameworks",
				);
				MARKETING_VERSION = 1.0;
				PRODUCT_BUNDLE_IDENTIFIER = com.assignment.SenseyeFeatureFlag.SenseyeFeatureFlagSwiftUI;
				PRODUCT_NAME = "$(TARGET_NAME)";
				SWIFT_EMIT_LOC_STRINGS = YES;
				SWIFT_VERSION = 5.0;
				TARGETED_DEVICE_FAMILY = "1,2";
			};
			name = Release;
		};
		BA3C4C022AC0C3C6002B7FD4 /* Debug */ = {
			isa = XCBuildConfiguration;
			buildSettings = {
				ALWAYS_EMBED_SWIFT_STANDARD_LIBRARIES = YES;
				BUNDLE_LOADER = "$(TEST_HOST)";
				CODE_SIGN_STYLE = Automatic;
				CURRENT_PROJECT_VERSION = 1;
				GENERATE_INFOPLIST_FILE = YES;
				IPHONEOS_DEPLOYMENT_TARGET = 16.4;
				MARKETING_VERSION = 1.0;
				PRODUCT_BUNDLE_IDENTIFIER = com.assignment.SenseyeFeatureFlag.SenseyeFeatureFlagSwiftUITests;
				PRODUCT_NAME = "$(TARGET_NAME)";
				SWIFT_EMIT_LOC_STRINGS = NO;
				SWIFT_VERSION = 5.0;
				TARGETED_DEVICE_FAMILY = "1,2";
				TEST_HOST = "$(BUILT_PRODUCTS_DIR)/SenseyeFeatureFlagSwiftUI.app/$(BUNDLE_EXECUTABLE_FOLDER_PATH)/SenseyeFeatureFlagSwiftUI";
			};
			name = Debug;
		};
		BA3C4C032AC0C3C6002B7FD4 /* Release */ = {
			isa = XCBuildConfiguration;
			buildSettings = {
				ALWAYS_EMBED_SWIFT_STANDARD_LIBRARIES = YES;
				BUNDLE_LOADER = "$(TEST_HOST)";
				CODE_SIGN_STYLE = Automatic;
				CURRENT_PROJECT_VERSION = 1;
				GENERATE_INFOPLIST_FILE = YES;
				IPHONEOS_DEPLOYMENT_TARGET = 16.4;
				MARKETING_VERSION = 1.0;
				PRODUCT_BUNDLE_IDENTIFIER = com.assignment.SenseyeFeatureFlag.SenseyeFeatureFlagSwiftUITests;
				PRODUCT_NAME = "$(TARGET_NAME)";
				SWIFT_EMIT_LOC_STRINGS = NO;
				SWIFT_VERSION = 5.0;
				TARGETED_DEVICE_FAMILY = "1,2";
				TEST_HOST = "$(BUILT_PRODUCTS_DIR)/SenseyeFeatureFlagSwiftUI.app/$(BUNDLE_EXECUTABLE_FOLDER_PATH)/SenseyeFeatureFlagSwiftUI";
			};
			name = Release;
		};
		BA3C4C052AC0C3C6002B7FD4 /* Debug */ = {
			isa = XCBuildConfiguration;
			buildSettings = {
				ALWAYS_EMBED_SWIFT_STANDARD_LIBRARIES = YES;
				CODE_SIGN_STYLE = Automatic;
				CURRENT_PROJECT_VERSION = 1;
				GENERATE_INFOPLIST_FILE = YES;
				MARKETING_VERSION = 1.0;
				PRODUCT_BUNDLE_IDENTIFIER = com.assignment.SenseyeFeatureFlag.SenseyeFeatureFlagSwiftUIUITests;
				PRODUCT_NAME = "$(TARGET_NAME)";
				SWIFT_EMIT_LOC_STRINGS = NO;
				SWIFT_VERSION = 5.0;
				TARGETED_DEVICE_FAMILY = "1,2";
				TEST_TARGET_NAME = SenseyeFeatureFlagSwiftUI;
			};
			name = Debug;
		};
		BA3C4C062AC0C3C6002B7FD4 /* Release */ = {
			isa = XCBuildConfiguration;
			buildSettings = {
				ALWAYS_EMBED_SWIFT_STANDARD_LIBRARIES = YES;
				CODE_SIGN_STYLE = Automatic;
				CURRENT_PROJECT_VERSION = 1;
				GENERATE_INFOPLIST_FILE = YES;
				MARKETING_VERSION = 1.0;
				PRODUCT_BUNDLE_IDENTIFIER = com.assignment.SenseyeFeatureFlag.SenseyeFeatureFlagSwiftUIUITests;
				PRODUCT_NAME = "$(TARGET_NAME)";
				SWIFT_EMIT_LOC_STRINGS = NO;
				SWIFT_VERSION = 5.0;
				TARGETED_DEVICE_FAMILY = "1,2";
				TEST_TARGET_NAME = SenseyeFeatureFlagSwiftUI;
			};
			name = Release;
		};
/* End XCBuildConfiguration section */

/* Begin XCConfigurationList section */
		BA3C4BD52AC0C3C4002B7FD4 /* Build configuration list for PBXProject "SenseyeFeatureFlagSwiftUI" */ = {
			isa = XCConfigurationList;
			buildConfigurations = (
				BA3C4BFC2AC0C3C6002B7FD4 /* Debug */,
				BA3C4BFD2AC0C3C6002B7FD4 /* Release */,
			);
			defaultConfigurationIsVisible = 0;
			defaultConfigurationName = Release;
		};
		BA3C4BFE2AC0C3C6002B7FD4 /* Build configuration list for PBXNativeTarget "SenseyeFeatureFlagSwiftUI" */ = {
			isa = XCConfigurationList;
			buildConfigurations = (
				BA3C4BFF2AC0C3C6002B7FD4 /* Debug */,
				BA3C4C002AC0C3C6002B7FD4 /* Release */,
			);
			defaultConfigurationIsVisible = 0;
			defaultConfigurationName = Release;
		};
		BA3C4C012AC0C3C6002B7FD4 /* Build configuration list for PBXNativeTarget "SenseyeFeatureFlagSwiftUITests" */ = {
			isa = XCConfigurationList;
			buildConfigurations = (
				BA3C4C022AC0C3C6002B7FD4 /* Debug */,
				BA3C4C032AC0C3C6002B7FD4 /* Release */,
			);
			defaultConfigurationIsVisible = 0;
			defaultConfigurationName = Release;
		};
		BA3C4C042AC0C3C6002B7FD4 /* Build configuration list for PBXNativeTarget "SenseyeFeatureFlagSwiftUIUITests" */ = {
			isa = XCConfigurationList;
			buildConfigurations = (
				BA3C4C052AC0C3C6002B7FD4 /* Debug */,
				BA3C4C062AC0C3C6002B7FD4 /* Release */,
			);
			defaultConfigurationIsVisible = 0;
			defaultConfigurationName = Release;
		};
/* End XCConfigurationList section */
	};
	rootObject = BA3C4BD22AC0C3C4002B7FD4 /* Project object */;
}
